PODS:
  - cookie_manager_kit (3.0.0):
    - Flutter
  - Flutter (1.0.0)

DEPENDENCIES:
  - cookie_manager_kit (from `.symlinks/plugins/cookie_manager_kit/ios`)
  - Flutter (from `Flutter`)

EXTERNAL SOURCES:
  cookie_manager_kit:
    :path: ".symlinks/plugins/cookie_manager_kit/ios"
  Flutter:
    :path: Flutter

SPEC CHECKSUMS:
  cookie_manager_kit: 6440865308a7f86b310f4dca0b945c71aab01da9
  Flutter: 50d75fe2f02b26cc09d224853bb45737f8b3214a

PODFILE CHECKSUM: 8e679eca47255a8ca8067c4c67aab20e64cb974d

COCOAPODS: 1.11.2
